
Microsoft Visual Studio Solution File, Format Version 12.00
# Visual Studio Version 17
VisualStudioVersion = 17.9.34723.18
MinimumVisualStudioVersion = 10.0.40219.1
Project("{9A19103F-16F7-4668-BE54-9A1E7A4F7556}") = "SquaresAPI", "SquaresAPI\SquaresAPI.csproj", "{C224BB71-982B-4092-8C8B-856C0128F0BB}"
EndProject
Project("{E53339B2-1760-4266-BCC7-CA923CBCF16C}") = "docker-compose", "docker-compose.dcproj", "{1F3D9DB2-7D6B-4A3E-8DD9-47702E81BBD5}"
EndProject
Project("{9A19103F-16F7-4668-BE54-9A1E7A4F7556}") = "Repository", "Repository\Repository.csproj", "{0DB01548-77D0-4A6C-BA7C-36F11482AA8F}"
EndProject
Project("{9A19103F-16F7-4668-BE54-9A1E7A4F7556}") = "Services", "Services\Services.csproj", "{869C9184-3713-4247-8F01-ECBD344E5115}"
EndProject
Project("{9A19103F-16F7-4668-BE54-9A1E7A4F7556}") = "Data", "Data\Data.csproj", "{06BF0B88-248B-4F85-BEC7-26D6168C898C}"
EndProject
Project("{FAE04EC0-301F-11D3-BF4B-00C04F79EFBC}") = "SquareAPI.Services.Tests.Unit", "SquareAPI.Services.Tests.Unit\SquareAPI.Services.Tests.Unit.csproj", "{A2BFD8CD-AF61-4A61-97A6-6B23E23E23AE}"
EndProject
Global
	GlobalSection(SolutionConfigurationPlatforms) = preSolution
		Debug|Any CPU = Debug|Any CPU
		Release|Any CPU = Release|Any CPU
	EndGlobalSection
	GlobalSection(ProjectConfigurationPlatforms) = postSolution
		{C224BB71-982B-4092-8C8B-856C0128F0BB}.Debug|Any CPU.ActiveCfg = Debug|Any CPU
		{C224BB71-982B-4092-8C8B-856C0128F0BB}.Debug|Any CPU.Build.0 = Debug|Any CPU
		{C224BB71-982B-4092-8C8B-856C0128F0BB}.Release|Any CPU.ActiveCfg = Release|Any CPU
		{C224BB71-982B-4092-8C8B-856C0128F0BB}.Release|Any CPU.Build.0 = Release|Any CPU
		{1F3D9DB2-7D6B-4A3E-8DD9-47702E81BBD5}.Debug|Any CPU.ActiveCfg = Debug|Any CPU
		{1F3D9DB2-7D6B-4A3E-8DD9-47702E81BBD5}.Debug|Any CPU.Build.0 = Debug|Any CPU
		{1F3D9DB2-7D6B-4A3E-8DD9-47702E81BBD5}.Release|Any CPU.ActiveCfg = Release|Any CPU
		{1F3D9DB2-7D6B-4A3E-8DD9-47702E81BBD5}.Release|Any CPU.Build.0 = Release|Any CPU
		{0DB01548-77D0-4A6C-BA7C-36F11482AA8F}.Debug|Any CPU.ActiveCfg = Debug|Any CPU
		{0DB01548-77D0-4A6C-BA7C-36F11482AA8F}.Debug|Any CPU.Build.0 = Debug|Any CPU
		{0DB01548-77D0-4A6C-BA7C-36F11482AA8F}.Release|Any CPU.ActiveCfg = Release|Any CPU
		{0DB01548-77D0-4A6C-BA7C-36F11482AA8F}.Release|Any CPU.Build.0 = Release|Any CPU
		{869C9184-3713-4247-8F01-ECBD344E5115}.Debug|Any CPU.ActiveCfg = Debug|Any CPU
		{869C9184-3713-4247-8F01-ECBD344E5115}.Debug|Any CPU.Build.0 = Debug|Any CPU
		{869C9184-3713-4247-8F01-ECBD344E5115}.Release|Any CPU.ActiveCfg = Release|Any CPU
		{869C9184-3713-4247-8F01-ECBD344E5115}.Release|Any CPU.Build.0 = Release|Any CPU
		{06BF0B88-248B-4F85-BEC7-26D6168C898C}.Debug|Any CPU.ActiveCfg = Debug|Any CPU
		{06BF0B88-248B-4F85-BEC7-26D6168C898C}.Debug|Any CPU.Build.0 = Debug|Any CPU
		{06BF0B88-248B-4F85-BEC7-26D6168C898C}.Release|Any CPU.ActiveCfg = Release|Any CPU
		{06BF0B88-248B-4F85-BEC7-26D6168C898C}.Release|Any CPU.Build.0 = Release|Any CPU
		{A2BFD8CD-AF61-4A61-97A6-6B23E23E23AE}.Debug|Any CPU.ActiveCfg = Debug|Any CPU
		{A2BFD8CD-AF61-4A61-97A6-6B23E23E23AE}.Debug|Any CPU.Build.0 = Debug|Any CPU
		{A2BFD8CD-AF61-4A61-97A6-6B23E23E23AE}.Release|Any CPU.ActiveCfg = Release|Any CPU
		{A2BFD8CD-AF61-4A61-97A6-6B23E23E23AE}.Release|Any CPU.Build.0 = Release|Any CPU
	EndGlobalSection
	GlobalSection(SolutionProperties) = preSolution
		HideSolutionNode = FALSE
	EndGlobalSection
	GlobalSection(ExtensibilityGlobals) = postSolution
		SolutionGuid = {657EE5AF-CE13-442F-A09B-FFA669A47268}
	EndGlobalSection
EndGlobal
